// !$*UTF8*$!
{
	archiveVersion = 1;
	classes = {
	};
	objectVersion = 50;
	objects = {

/* Begin PBXBuildFile section */
		9D9A5E9F20ECCE7700099720 /* AppDelegate.swift in Sources */ = {isa = PBXBuildFile; fileRef = 9D9A5E9E20ECCE7700099720 /* AppDelegate.swift */; };
		9D9A5EA120ECCE7700099720 /* ViewController.swift in Sources */ = {isa = PBXBuildFile; fileRef = 9D9A5EA020ECCE7700099720 /* ViewController.swift */; };
		9D9A5EA320ECCE7800099720 /* Assets.xcassets in Resources */ = {isa = PBXBuildFile; fileRef = 9D9A5EA220ECCE7800099720 /* Assets.xcassets */; };
		9D9A5EA620ECCE7800099720 /* Main.storyboard in Resources */ = {isa = PBXBuildFile; fileRef = 9D9A5EA420ECCE7800099720 /* Main.storyboard */; };
		9D9A5EAF20ECD3CD00099720 /* PortMapperViewController.swift in Sources */ = {isa = PBXBuildFile; fileRef = 9D9A5EAE20ECD3CD00099720 /* PortMapperViewController.swift */; };
		9D9A5EB420ECDA9E00099720 /* PortScanner.cpp in Sources */ = {isa = PBXBuildFile; fileRef = 9D9A5EB220ECDA9E00099720 /* PortScanner.cpp */; };
		9D9A5EB720ECDD9000099720 /* PortScannerWrapper.mm in Sources */ = {isa = PBXBuildFile; fileRef = 9D9A5EB620ECDD9000099720 /* PortScannerWrapper.mm */; };
		B2585FC053901DEC1793CE8F /* Pods_PortMapper.framework in Frameworks */ = {isa = PBXBuildFile; fileRef = 802187688A45AC0B39E3DD88 /* Pods_PortMapper.framework */; };
/* End PBXBuildFile section */

/* Begin PBXFileReference section */
		0839F563BE7389DF90C51A6A /* Pods-PortMapper.debug.xcconfig */ = {isa = PBXFileReference; includeInIndex = 1; lastKnownFileType = text.xcconfig; name = "Pods-PortMapper.debug.xcconfig"; path = "Pods/Target Support Files/Pods-PortMapper/Pods-PortMapper.debug.xcconfig"; sourceTree = "<group>"; };
		802187688A45AC0B39E3DD88 /* Pods_PortMapper.framework */ = {isa = PBXFileReference; explicitFileType = wrapper.framework; includeInIndex = 0; path = Pods_PortMapper.framework; sourceTree = BUILT_PRODUCTS_DIR; };
		9D9A5E9B20ECCE7700099720 /* PortMapper.app */ = {isa = PBXFileReference; explicitFileType = wrapper.application; includeInIndex = 0; path = PortMapper.app; sourceTree = BUILT_PRODUCTS_DIR; };
		9D9A5E9E20ECCE7700099720 /* AppDelegate.swift */ = {isa = PBXFileReference; lastKnownFileType = sourcecode.swift; path = AppDelegate.swift; sourceTree = "<group>"; };
		9D9A5EA020ECCE7700099720 /* ViewController.swift */ = {isa = PBXFileReference; lastKnownFileType = sourcecode.swift; path = ViewController.swift; sourceTree = "<group>"; };
		9D9A5EA220ECCE7800099720 /* Assets.xcassets */ = {isa = PBXFileReference; lastKnownFileType = folder.assetcatalog; path = Assets.xcassets; sourceTree = "<group>"; };
		9D9A5EA520ECCE7800099720 /* Base */ = {isa = PBXFileReference; lastKnownFileType = file.storyboard; name = Base; path = Base.lproj/Main.storyboard; sourceTree = "<group>"; };
		9D9A5EA720ECCE7800099720 /* Info.plist */ = {isa = PBXFileReference; lastKnownFileType = text.plist.xml; path = Info.plist; sourceTree = "<group>"; };
		9D9A5EA820ECCE7800099720 /* PortMapper.entitlements */ = {isa = PBXFileReference; lastKnownFileType = text.plist.entitlements; path = PortMapper.entitlements; sourceTree = "<group>"; };
		9D9A5EAE20ECD3CD00099720 /* PortMapperViewController.swift */ = {isa = PBXFileReference; lastKnownFileType = sourcecode.swift; path = PortMapperViewController.swift; sourceTree = "<group>"; };
		9D9A5EB120ECDA9E00099720 /* PortMapper-Bridging-Header.h */ = {isa = PBXFileReference; lastKnownFileType = sourcecode.c.h; path = "PortMapper-Bridging-Header.h"; sourceTree = "<group>"; };
		9D9A5EB220ECDA9E00099720 /* PortScanner.cpp */ = {isa = PBXFileReference; lastKnownFileType = sourcecode.cpp.cpp; path = PortScanner.cpp; sourceTree = "<group>"; };
		9D9A5EB320ECDA9E00099720 /* PortScanner.hpp */ = {isa = PBXFileReference; explicitFileType = sourcecode.cpp.h; path = PortScanner.hpp; sourceTree = "<group>"; };
		9D9A5EB520ECDD2800099720 /* PortScannerWrapper.hpp */ = {isa = PBXFileReference; lastKnownFileType = sourcecode.cpp.h; path = PortScannerWrapper.hpp; sourceTree = "<group>"; };
		9D9A5EB620ECDD9000099720 /* PortScannerWrapper.mm */ = {isa = PBXFileReference; lastKnownFileType = sourcecode.cpp.objcpp; path = PortScannerWrapper.mm; sourceTree = "<group>"; };
		B99985577AB5026EC13D42FF /* Pods-PortMapper.release.xcconfig */ = {isa = PBXFileReference; includeInIndex = 1; lastKnownFileType = text.xcconfig; name = "Pods-PortMapper.release.xcconfig"; path = "Pods/Target Support Files/Pods-PortMapper/Pods-PortMapper.release.xcconfig"; sourceTree = "<group>"; };
/* End PBXFileReference section */

/* Begin PBXFrameworksBuildPhase section */
		9D9A5E9820ECCE7700099720 /* Frameworks */ = {
			isa = PBXFrameworksBuildPhase;
			buildActionMask = 2147483647;
			files = (
				B2585FC053901DEC1793CE8F /* Pods_PortMapper.framework in Frameworks */,
			);
			runOnlyForDeploymentPostprocessing = 0;
		};
/* End PBXFrameworksBuildPhase section */

/* Begin PBXGroup section */
		1EB55E30507E918F43D6F01D /* Frameworks */ = {
			isa = PBXGroup;
			children = (
				802187688A45AC0B39E3DD88 /* Pods_PortMapper.framework */,
			);
			name = Frameworks;
			sourceTree = "<group>";
		};
		2CAD21A3D63EFC5205B6D4F1 /* Pods */ = {
			isa = PBXGroup;
			children = (
				0839F563BE7389DF90C51A6A /* Pods-PortMapper.debug.xcconfig */,
				B99985577AB5026EC13D42FF /* Pods-PortMapper.release.xcconfig */,
			);
			name = Pods;
			sourceTree = "<group>";
		};
		9D9A5E9220ECCE7700099720 = {
			isa = PBXGroup;
			children = (
				9D9A5E9D20ECCE7700099720 /* PortMapper */,
				9D9A5E9C20ECCE7700099720 /* Products */,
				2CAD21A3D63EFC5205B6D4F1 /* Pods */,
				1EB55E30507E918F43D6F01D /* Frameworks */,
			);
			sourceTree = "<group>";
		};
		9D9A5E9C20ECCE7700099720 /* Products */ = {
			isa = PBXGroup;
			children = (
				9D9A5E9B20ECCE7700099720 /* PortMapper.app */,
			);
			name = Products;
			sourceTree = "<group>";
		};
		9D9A5E9D20ECCE7700099720 /* PortMapper */ = {
			isa = PBXGroup;
			children = (
				9D9A5EB020ECDA8800099720 /* PortScanner */,
				9D9A5E9E20ECCE7700099720 /* AppDelegate.swift */,
				9D9A5EAE20ECD3CD00099720 /* PortMapperViewController.swift */,
				9D9A5EA020ECCE7700099720 /* ViewController.swift */,
				9D9A5EA220ECCE7800099720 /* Assets.xcassets */,
				9D9A5EA420ECCE7800099720 /* Main.storyboard */,
				9D9A5EA720ECCE7800099720 /* Info.plist */,
				9D9A5EA820ECCE7800099720 /* PortMapper.entitlements */,
			);
			path = PortMapper;
			sourceTree = "<group>";
		};
		9D9A5EB020ECDA8800099720 /* PortScanner */ = {
			isa = PBXGroup;
			children = (
				9D9A5EB220ECDA9E00099720 /* PortScanner.cpp */,
				9D9A5EB320ECDA9E00099720 /* PortScanner.hpp */,
				9D9A5EB120ECDA9E00099720 /* PortMapper-Bridging-Header.h */,
				9D9A5EB520ECDD2800099720 /* PortScannerWrapper.hpp */,
				9D9A5EB620ECDD9000099720 /* PortScannerWrapper.mm */,
			);
			path = PortScanner;
			sourceTree = "<group>";
		};
/* End PBXGroup section */

/* Begin PBXNativeTarget section */
		9D9A5E9A20ECCE7700099720 /* PortMapper */ = {
			isa = PBXNativeTarget;
			buildConfigurationList = 9D9A5EAB20ECCE7800099720 /* Build configuration list for PBXNativeTarget "PortMapper" */;
			buildPhases = (
				ED1F17A7D41D57E75D9EEF33 /* [CP] Check Pods Manifest.lock */,
				9D9A5E9720ECCE7700099720 /* Sources */,
				9D9A5E9820ECCE7700099720 /* Frameworks */,
				9D9A5E9920ECCE7700099720 /* Resources */,
			);
			buildRules = (
			);
			dependencies = (
			);
			name = PortMapper;
			productName = PortMapper;
			productReference = 9D9A5E9B20ECCE7700099720 /* PortMapper.app */;
			productType = "com.apple.product-type.application";
		};
/* End PBXNativeTarget section */

/* Begin PBXProject section */
		9D9A5E9320ECCE7700099720 /* Project object */ = {
			isa = PBXProject;
			attributes = {
				LastSwiftUpdateCheck = 0940;
				LastUpgradeCheck = 0940;
				ORGANIZATIONNAME = "Chanwoo Noh";
				TargetAttributes = {
					9D9A5E9A20ECCE7700099720 = {
						CreatedOnToolsVersion = 9.4.1;
						LastSwiftMigration = 0940;
					};
				};
			};
			buildConfigurationList = 9D9A5E9620ECCE7700099720 /* Build configuration list for PBXProject "PortMapper" */;
			compatibilityVersion = "Xcode 9.3";
			developmentRegion = en;
			hasScannedForEncodings = 0;
			knownRegions = (
				en,
				Base,
			);
			mainGroup = 9D9A5E9220ECCE7700099720;
			productRefGroup = 9D9A5E9C20ECCE7700099720 /* Products */;
			projectDirPath = "";
			projectRoot = "";
			targets = (
				9D9A5E9A20ECCE7700099720 /* PortMapper */,
			);
		};
/* End PBXProject section */

/* Begin PBXResourcesBuildPhase section */
		9D9A5E9920ECCE7700099720 /* Resources */ = {
			isa = PBXResourcesBuildPhase;
			buildActionMask = 2147483647;
			files = (
				9D9A5EA320ECCE7800099720 /* Assets.xcassets in Resources */,
				9D9A5EA620ECCE7800099720 /* Main.storyboard in Resources */,
			);
			runOnlyForDeploymentPostprocessing = 0;
		};
/* End PBXResourcesBuildPhase section */

/* Begin PBXShellScriptBuildPhase section */
		ED1F17A7D41D57E75D9EEF33 /* [CP] Check Pods Manifest.lock */ = {
			isa = PBXShellScriptBuildPhase;
			buildActionMask = 2147483647;
			files = (
			);
			inputPaths = (
				"${PODS_PODFILE_DIR_PATH}/Podfile.lock",
				"${PODS_ROOT}/Manifest.lock",
			);
			name = "[CP] Check Pods Manifest.lock";
			outputPaths = (
				"$(DERIVED_FILE_DIR)/Pods-PortMapper-checkManifestLockResult.txt",
			);
			runOnlyForDeploymentPostprocessing = 0;
			shellPath = /bin/sh;
			shellScript = "diff \"${PODS_PODFILE_DIR_PATH}/Podfile.lock\" \"${PODS_ROOT}/Manifest.lock\" > /dev/null\nif [ $? != 0 ] ; then\n    # print error to STDERR\n    echo \"error: The sandbox is not in sync with the Podfile.lock. Run 'pod install' or update your CocoaPods installation.\" >&2\n    exit 1\nfi\n# This output is used by Xcode 'outputs' to avoid re-running this script phase.\necho \"SUCCESS\" > \"${SCRIPT_OUTPUT_FILE_0}\"\n";
			showEnvVarsInLog = 0;
		};
/* End PBXShellScriptBuildPhase section */

/* Begin PBXSourcesBuildPhase section */
		9D9A5E9720ECCE7700099720 /* Sources */ = {
			isa = PBXSourcesBuildPhase;
			buildActionMask = 2147483647;
			files = (
				9D9A5EA120ECCE7700099720 /* ViewController.swift in Sources */,
				9D9A5EB720ECDD9000099720 /* PortScannerWrapper.mm in Sources */,
				9D9A5EAF20ECD3CD00099720 /* PortMapperViewController.swift in Sources */,
				9D9A5E9F20ECCE7700099720 /* AppDelegate.swift in Sources */,
				9D9A5EB420ECDA9E00099720 /* PortScanner.cpp in Sources */,
			);
			runOnlyForDeploymentPostprocessing = 0;
		};
/* End PBXSourcesBuildPhase section */

/* Begin PBXVariantGroup section */
		9D9A5EA420ECCE7800099720 /* Main.storyboard */ = {
			isa = PBXVariantGroup;
			children = (
				9D9A5EA520ECCE7800099720 /* Base */,
			);
			name = Main.storyboard;
			sourceTree = "<group>";
		};
/* End PBXVariantGroup section */

/* Begin XCBuildConfiguration section */
		9D9A5EA920ECCE7800099720 /* Debug */ = {
			isa = XCBuildConfiguration;
			buildSettings = {
				ALWAYS_SEARCH_USER_PATHS = NO;
				CLANG_ANALYZER_NONNULL = YES;
				CLANG_ANALYZER_NUMBER_OBJECT_CONVERSION = YES_AGGRESSIVE;
				CLANG_CXX_LANGUAGE_STANDARD = "gnu++14";
				CLANG_CXX_LIBRARY = "libc++";
				CLANG_ENABLE_MODULES = YES;
				CLANG_ENABLE_OBJC_ARC = YES;
				CLANG_ENABLE_OBJC_WEAK = YES;
				CLANG_WARN_BLOCK_CAPTURE_AUTORELEASING = YES;
				CLANG_WARN_BOOL_CONVERSION = YES;
				CLANG_WARN_COMMA = YES;
				CLANG_WARN_CONSTANT_CONVERSION = YES;
				CLANG_WARN_DEPRECATED_OBJC_IMPLEMENTATIONS = YES;
				CLANG_WARN_DIRECT_OBJC_ISA_USAGE = YES_ERROR;
				CLANG_WARN_DOCUMENTATION_COMMENTS = YES;
				CLANG_WARN_EMPTY_BODY = YES;
				CLANG_WARN_ENUM_CONVERSION = YES;
				CLANG_WARN_INFINITE_RECURSION = YES;
				CLANG_WARN_INT_CONVERSION = YES;
				CLANG_WARN_NON_LITERAL_NULL_CONVERSION = YES;
				CLANG_WARN_OBJC_IMPLICIT_RETAIN_SELF = YES;
				CLANG_WARN_OBJC_LITERAL_CONVERSION = YES;
				CLANG_WARN_OBJC_ROOT_CLASS = YES_ERROR;
				CLANG_WARN_RANGE_LOOP_ANALYSIS = YES;
				CLANG_WARN_STRICT_PROTOTYPES = YES;
				CLANG_WARN_SUSPICIOUS_MOVE = YES;
				CLANG_WARN_UNGUARDED_AVAILABILITY = YES_AGGRESSIVE;
				CLANG_WARN_UNREACHABLE_CODE = YES;
				CLANG_WARN__DUPLICATE_METHOD_MATCH = YES;
				CODE_SIGN_IDENTITY = "Mac Developer";
				COPY_PHASE_STRIP = NO;
				DEBUG_INFORMATION_FORMAT = dwarf;
				ENABLE_STRICT_OBJC_MSGSEND = YES;
				ENABLE_TESTABILITY = YES;
				GCC_C_LANGUAGE_STANDARD = gnu11;
				GCC_DYNAMIC_NO_PIC = NO;
				GCC_NO_COMMON_BLOCKS = YES;
				GCC_OPTIMIZATION_LEVEL = 0;
				GCC_PREPROCESSOR_DEFINITIONS = (
					"DEBUG=1",
					"$(inherited)",
				);
				GCC_WARN_64_TO_32_BIT_CONVERSION = YES;
				GCC_WARN_ABOUT_RETURN_TYPE = YES_ERROR;
				GCC_WARN_UNDECLARED_SELECTOR = YES;
				GCC_WARN_UNINITIALIZED_AUTOS = YES_AGGRESSIVE;
				GCC_WARN_UNUSED_FUNCTION = YES;
				GCC_WARN_UNUSED_VARIABLE = YES;
				MACOSX_DEPLOYMENT_TARGET = 10.13;
				MTL_ENABLE_DEBUG_INFO = YES;
				ONLY_ACTIVE_ARCH = YES;
				SDKROOT = macosx;
				SWIFT_ACTIVE_COMPILATION_CONDITIONS = DEBUG;
				SWIFT_OPTIMIZATION_LEVEL = "-Onone";
			};
			name = Debug;
		};
		9D9A5EAA20ECCE7800099720 /* Release */ = {
			isa = XCBuildConfiguration;
			buildSettings = {
				ALWAYS_SEARCH_USER_PATHS = NO;
				CLANG_ANALYZER_NONNULL = YES;
				CLANG_ANALYZER_NUMBER_OBJECT_CONVERSION = YES_AGGRESSIVE;
				CLANG_CXX_LANGUAGE_STANDARD = "gnu++14";
				CLANG_CXX_LIBRARY = "libc++";
				CLANG_ENABLE_MODULES = YES;
				CLANG_ENABLE_OBJC_ARC = YES;
				CLANG_ENABLE_OBJC_WEAK = YES;
				CLANG_WARN_BLOCK_CAPTURE_AUTORELEASING = YES;
				CLANG_WARN_BOOL_CONVERSION = YES;
				CLANG_WARN_COMMA = YES;
				CLANG_WARN_CONSTANT_CONVERSION = YES;
				CLANG_WARN_DEPRECATED_OBJC_IMPLEMENTATIONS = YES;
				CLANG_WARN_DIRECT_OBJC_ISA_USAGE = YES_ERROR;
				CLANG_WARN_DOCUMENTATION_COMMENTS = YES;
				CLANG_WARN_EMPTY_BODY = YES;
				CLANG_WARN_ENUM_CONVERSION = YES;
				CLANG_WARN_INFINITE_RECURSION = YES;
				CLANG_WARN_INT_CONVERSION = YES;
				CLANG_WARN_NON_LITERAL_NULL_CONVERSION = YES;
				CLANG_WARN_OBJC_IMPLICIT_RETAIN_SELF = YES;
				CLANG_WARN_OBJC_LITERAL_CONVERSION = YES;
				CLANG_WARN_OBJC_ROOT_CLASS = YES_ERROR;
				CLANG_WARN_RANGE_LOOP_ANALYSIS = YES;
				CLANG_WARN_STRICT_PROTOTYPES = YES;
				CLANG_WARN_SUSPICIOUS_MOVE = YES;
				CLANG_WARN_UNGUARDED_AVAILABILITY = YES_AGGRESSIVE;
				CLANG_WARN_UNREACHABLE_CODE = YES;
				CLANG_WARN__DUPLICATE_METHOD_MATCH = YES;
				CODE_SIGN_IDENTITY = "Mac Developer";
				COPY_PHASE_STRIP = NO;
				DEBUG_INFORMATION_FORMAT = "dwarf-with-dsym";
				ENABLE_NS_ASSERTIONS = NO;
				ENABLE_STRICT_OBJC_MSGSEND = YES;
				GCC_C_LANGUAGE_STANDARD = gnu11;
				GCC_NO_COMMON_BLOCKS = YES;
				GCC_WARN_64_TO_32_BIT_CONVERSION = YES;
				GCC_WARN_ABOUT_RETURN_TYPE = YES_ERROR;
				GCC_WARN_UNDECLARED_SELECTOR = YES;
				GCC_WARN_UNINITIALIZED_AUTOS = YES_AGGRESSIVE;
				GCC_WARN_UNUSED_FUNCTION = YES;
				GCC_WARN_UNUSED_VARIABLE = YES;
				MACOSX_DEPLOYMENT_TARGET = 10.13;
				MTL_ENABLE_DEBUG_INFO = NO;
				SDKROOT = macosx;
				SWIFT_COMPILATION_MODE = wholemodule;
				SWIFT_OPTIMIZATION_LEVEL = "-O";
			};
			name = Release;
		};
		9D9A5EAC20ECCE7800099720 /* Debug */ = {
			isa = XCBuildConfiguration;
			baseConfigurationReference = 0839F563BE7389DF90C51A6A /* Pods-PortMapper.debug.xcconfig */;
			buildSettings = {
				ASSETCATALOG_COMPILER_APPICON_NAME = AppIcon;
				CLANG_ENABLE_MODULES = YES;
				CODE_SIGN_ENTITLEMENTS = PortMapper/PortMapper.entitlements;
				CODE_SIGN_STYLE = Automatic;
				COMBINE_HIDPI_IMAGES = YES;
				DEVELOPMENT_TEAM = 8B5JVCS72K;
				INFOPLIST_FILE = PortMapper/Info.plist;
				LD_RUNPATH_SEARCH_PATHS = (
					"$(inherited)",
					"@executable_path/../Frameworks",
				);
				PRODUCT_BUNDLE_IDENTIFIER = so.yoko.PortMapper;
				PRODUCT_NAME = "$(TARGET_NAME)";
				SWIFT_OBJC_BRIDGING_HEADER = "PortMapper/PortScanner/PortMapper-Bridging-Header.h";
				SWIFT_OPTIMIZATION_LEVEL = "-Onone";
				SWIFT_VERSION = 4.0;
			};
			name = Debug;
		};
		9D9A5EAD20ECCE7800099720 /* Release */ = {
			isa = XCBuildConfiguration;
			baseConfigurationReference = B99985577AB5026EC13D42FF /* Pods-PortMapper.release.xcconfig */;
			buildSettings = {
				ASSETCATALOG_COMPILER_APPICON_NAME = AppIcon;
				CLANG_ENABLE_MODULES = YES;
				CODE_SIGN_ENTITLEMENTS = PortMapper/PortMapper.entitlements;
				CODE_SIGN_STYLE = Automatic;
				COMBINE_HIDPI_IMAGES = YES;
				DEVELOPMENT_TEAM = 8B5JVCS72K;
				INFOPLIST_FILE = PortMapper/Info.plist;
				LD_RUNPATH_SEARCH_PATHS = (
					"$(inherited)",
					"@executable_path/../Frameworks",
				);
				PRODUCT_BUNDLE_IDENTIFIER = so.yoko.PortMapper;
				PRODUCT_NAME = "$(TARGET_NAME)";
				SWIFT_OBJC_BRIDGING_HEADER = "PortMapper/PortScanner/PortMapper-Bridging-Header.h";
				SWIFT_VERSION = 4.0;
			};
			name = Release;
		};
/* End XCBuildConfiguration section */

/* Begin XCConfigurationList section */
		9D9A5E9620ECCE7700099720 /* Build configuration list for PBXProject "PortMapper" */ = {
			isa = XCConfigurationList;
			buildConfigurations = (
				9D9A5EA920ECCE7800099720 /* Debug */,
				9D9A5EAA20ECCE7800099720 /* Release */,
			);
			defaultConfigurationIsVisible = 0;
			defaultConfigurationName = Release;
		};
		9D9A5EAB20ECCE7800099720 /* Build configuration list for PBXNativeTarget "PortMapper" */ = {
			isa = XCConfigurationList;
			buildConfigurations = (
				9D9A5EAC20ECCE7800099720 /* Debug */,
				9D9A5EAD20ECCE7800099720 /* Release */,
			);
			defaultConfigurationIsVisible = 0;
			defaultConfigurationName = Release;
		};
/* End XCConfigurationList section */
	};
	rootObject = 9D9A5E9320ECCE7700099720 /* Project object */;
}
