// !$*UTF8*$!
{
	archiveVersion = 1;
	classes = {
	};
	objectVersion = 50;
	objects = {

/* Begin PBXBuildFile section */
		9D26F61E20EE157A008C10A6 /* YKSLibrary.swift in Sources */ = {isa = PBXBuildFile; fileRef = 9D26F61D20EE157A008C10A6 /* YKSLibrary.swift */; };
		9D2CC9AF20F8CDDC00B01FF2 /* AppAuthorizationRights.swift in Sources */ = {isa = PBXBuildFile; fileRef = 9D2CC9AE20F8CDDC00B01FF2 /* AppAuthorizationRights.swift */; };
		9D52163B20F680F30093887E /* main.swift in Sources */ = {isa = PBXBuildFile; fileRef = 9D52163A20F680F30093887E /* main.swift */; };
		9D52164120F683850093887E /* so.yoko.PrivilegedTaskRunnerHelper in CopyFiles */ = {isa = PBXBuildFile; fileRef = 9D52163820F680F30093887E /* so.yoko.PrivilegedTaskRunnerHelper */; settings = {ATTRIBUTES = (CodeSignOnCopy, ); }; };
		9D52164320F683D40093887E /* PrivilegedTaskRunnerHelper.swift in Sources */ = {isa = PBXBuildFile; fileRef = 9D52164220F683D40093887E /* PrivilegedTaskRunnerHelper.swift */; };
		9D52164420F684060093887E /* PrivilegedTaskRunnerHelper.swift in Sources */ = {isa = PBXBuildFile; fileRef = 9D52164220F683D40093887E /* PrivilegedTaskRunnerHelper.swift */; };
		9D52164620F6843D0093887E /* ProcessHelper.swift in Sources */ = {isa = PBXBuildFile; fileRef = 9D52164520F6843D0093887E /* ProcessHelper.swift */; };
		9D52164720F6843D0093887E /* ProcessHelper.swift in Sources */ = {isa = PBXBuildFile; fileRef = 9D52164520F6843D0093887E /* ProcessHelper.swift */; };
		9D52164920F6845E0093887E /* RemoteProcessProtocol.swift in Sources */ = {isa = PBXBuildFile; fileRef = 9D52164820F6845E0093887E /* RemoteProcessProtocol.swift */; };
		9D52164A20F6845E0093887E /* RemoteProcessProtocol.swift in Sources */ = {isa = PBXBuildFile; fileRef = 9D52164820F6845E0093887E /* RemoteProcessProtocol.swift */; };
		9D8EE19F20FB626B0009279F /* AppDelegate.swift in Sources */ = {isa = PBXBuildFile; fileRef = 9D8EE19E20FB626B0009279F /* AppDelegate.swift */; };
		9D8EE1A320FB626D0009279F /* Assets.xcassets in Resources */ = {isa = PBXBuildFile; fileRef = 9D8EE1A220FB626D0009279F /* Assets.xcassets */; };
		9D8EE1A620FB626D0009279F /* Main.storyboard in Resources */ = {isa = PBXBuildFile; fileRef = 9D8EE1A420FB626D0009279F /* Main.storyboard */; };
		9D8EE1AC20FB62E50009279F /* LaunchHelper.app in CopyFiles */ = {isa = PBXBuildFile; fileRef = 9D8EE19C20FB626B0009279F /* LaunchHelper.app */; settings = {ATTRIBUTES = (RemoveHeadersOnCopy, ); }; };
		9D8EE1AF20FB63090009279F /* Cocoa.framework in Frameworks */ = {isa = PBXBuildFile; fileRef = 9D8EE1AE20FB63090009279F /* Cocoa.framework */; };
		9D8EE1B120FB63170009279F /* ServiceManagement.framework in Frameworks */ = {isa = PBXBuildFile; fileRef = 9D8EE1B020FB63160009279F /* ServiceManagement.framework */; };
		9D9A5E9F20ECCE7700099720 /* AppDelegate.swift in Sources */ = {isa = PBXBuildFile; fileRef = 9D9A5E9E20ECCE7700099720 /* AppDelegate.swift */; };
		9D9A5EA120ECCE7700099720 /* ViewController.swift in Sources */ = {isa = PBXBuildFile; fileRef = 9D9A5EA020ECCE7700099720 /* ViewController.swift */; };
		9D9A5EA320ECCE7800099720 /* Assets.xcassets in Resources */ = {isa = PBXBuildFile; fileRef = 9D9A5EA220ECCE7800099720 /* Assets.xcassets */; };
		9D9A5EA620ECCE7800099720 /* Main.storyboard in Resources */ = {isa = PBXBuildFile; fileRef = 9D9A5EA420ECCE7800099720 /* Main.storyboard */; };
		9D9A5EAF20ECD3CD00099720 /* PortScannerViewController.swift in Sources */ = {isa = PBXBuildFile; fileRef = 9D9A5EAE20ECD3CD00099720 /* PortScannerViewController.swift */; };
		9DEF2A8D20F3EAA200E51CB5 /* PreferenceViewController.swift in Sources */ = {isa = PBXBuildFile; fileRef = 9DEF2A8C20F3EAA200E51CB5 /* PreferenceViewController.swift */; };
		9DF309C520F0C73900F8BD9D /* AboutViewController.swift in Sources */ = {isa = PBXBuildFile; fileRef = 9DF309C420F0C73900F8BD9D /* AboutViewController.swift */; };
		9DF309C720F0D1C400F8BD9D /* CHANGELOG in Resources */ = {isa = PBXBuildFile; fileRef = 9DF309C620F0D1C400F8BD9D /* CHANGELOG */; };
/* End PBXBuildFile section */

/* Begin PBXCopyFilesBuildPhase section */
		9D1B89C020FB52C8007F8E5E /* CopyFiles */ = {
			isa = PBXCopyFilesBuildPhase;
			buildActionMask = 2147483647;
			dstPath = Contents/Library/LoginItems;
			dstSubfolderSpec = 1;
			files = (
				9D8EE1AC20FB62E50009279F /* LaunchHelper.app in CopyFiles */,
			);
			runOnlyForDeploymentPostprocessing = 0;
		};
		9D52163220F6802B0093887E /* CopyFiles */ = {
			isa = PBXCopyFilesBuildPhase;
			buildActionMask = 2147483647;
			dstPath = Contents/Library/LaunchServices;
			dstSubfolderSpec = 1;
			files = (
				9D52164120F683850093887E /* so.yoko.PrivilegedTaskRunnerHelper in CopyFiles */,
			);
			runOnlyForDeploymentPostprocessing = 0;
		};
		9D52163620F680F30093887E /* CopyFiles */ = {
			isa = PBXCopyFilesBuildPhase;
			buildActionMask = 2147483647;
			dstPath = /usr/share/man/man1/;
			dstSubfolderSpec = 0;
			files = (
			);
			runOnlyForDeploymentPostprocessing = 1;
		};
/* End PBXCopyFilesBuildPhase section */

/* Begin PBXFileReference section */
		9D26F61D20EE157A008C10A6 /* YKSLibrary.swift */ = {isa = PBXFileReference; lastKnownFileType = sourcecode.swift; path = YKSLibrary.swift; sourceTree = "<group>"; };
		9D2CC9AE20F8CDDC00B01FF2 /* AppAuthorizationRights.swift */ = {isa = PBXFileReference; lastKnownFileType = sourcecode.swift; path = AppAuthorizationRights.swift; sourceTree = "<group>"; };
		9D52163820F680F30093887E /* so.yoko.PrivilegedTaskRunnerHelper */ = {isa = PBXFileReference; explicitFileType = "compiled.mach-o.executable"; includeInIndex = 0; path = so.yoko.PrivilegedTaskRunnerHelper; sourceTree = BUILT_PRODUCTS_DIR; };
		9D52163A20F680F30093887E /* main.swift */ = {isa = PBXFileReference; lastKnownFileType = sourcecode.swift; path = main.swift; sourceTree = "<group>"; };
		9D52163F20F6814B0093887E /* PrivilegedTaskRunnerHelper-Info.plist */ = {isa = PBXFileReference; lastKnownFileType = text.plist.xml; path = "PrivilegedTaskRunnerHelper-Info.plist"; sourceTree = "<group>"; };
		9D52164020F682030093887E /* PrivilegedTaskRunnerHelper-Launchd.plist */ = {isa = PBXFileReference; lastKnownFileType = text.plist.xml; path = "PrivilegedTaskRunnerHelper-Launchd.plist"; sourceTree = "<group>"; };
		9D52164220F683D40093887E /* PrivilegedTaskRunnerHelper.swift */ = {isa = PBXFileReference; lastKnownFileType = sourcecode.swift; path = PrivilegedTaskRunnerHelper.swift; sourceTree = "<group>"; };
		9D52164520F6843D0093887E /* ProcessHelper.swift */ = {isa = PBXFileReference; lastKnownFileType = sourcecode.swift; path = ProcessHelper.swift; sourceTree = "<group>"; };
		9D52164820F6845E0093887E /* RemoteProcessProtocol.swift */ = {isa = PBXFileReference; lastKnownFileType = sourcecode.swift; path = RemoteProcessProtocol.swift; sourceTree = "<group>"; };
		9D8EE19C20FB626B0009279F /* LaunchHelper.app */ = {isa = PBXFileReference; explicitFileType = wrapper.application; includeInIndex = 0; path = LaunchHelper.app; sourceTree = BUILT_PRODUCTS_DIR; };
		9D8EE19E20FB626B0009279F /* AppDelegate.swift */ = {isa = PBXFileReference; lastKnownFileType = sourcecode.swift; path = AppDelegate.swift; sourceTree = "<group>"; };
		9D8EE1A220FB626D0009279F /* Assets.xcassets */ = {isa = PBXFileReference; lastKnownFileType = folder.assetcatalog; path = Assets.xcassets; sourceTree = "<group>"; };
		9D8EE1A520FB626D0009279F /* Base */ = {isa = PBXFileReference; lastKnownFileType = file.storyboard; name = Base; path = Base.lproj/Main.storyboard; sourceTree = "<group>"; };
		9D8EE1A720FB626D0009279F /* Info.plist */ = {isa = PBXFileReference; lastKnownFileType = text.plist.xml; path = Info.plist; sourceTree = "<group>"; };
		9D8EE1A820FB626D0009279F /* LaunchHelper.entitlements */ = {isa = PBXFileReference; lastKnownFileType = text.plist.entitlements; path = LaunchHelper.entitlements; sourceTree = "<group>"; };
		9D8EE1AE20FB63090009279F /* Cocoa.framework */ = {isa = PBXFileReference; lastKnownFileType = wrapper.framework; name = Cocoa.framework; path = System/Library/Frameworks/Cocoa.framework; sourceTree = SDKROOT; };
		9D8EE1B020FB63160009279F /* ServiceManagement.framework */ = {isa = PBXFileReference; lastKnownFileType = wrapper.framework; name = ServiceManagement.framework; path = System/Library/Frameworks/ServiceManagement.framework; sourceTree = SDKROOT; };
		9D9A5E9B20ECCE7700099720 /* LocalPortScanner.app */ = {isa = PBXFileReference; explicitFileType = wrapper.application; includeInIndex = 0; path = LocalPortScanner.app; sourceTree = BUILT_PRODUCTS_DIR; };
		9D9A5E9E20ECCE7700099720 /* AppDelegate.swift */ = {isa = PBXFileReference; lastKnownFileType = sourcecode.swift; path = AppDelegate.swift; sourceTree = "<group>"; };
		9D9A5EA020ECCE7700099720 /* ViewController.swift */ = {isa = PBXFileReference; lastKnownFileType = sourcecode.swift; path = ViewController.swift; sourceTree = "<group>"; };
		9D9A5EA220ECCE7800099720 /* Assets.xcassets */ = {isa = PBXFileReference; lastKnownFileType = folder.assetcatalog; path = Assets.xcassets; sourceTree = "<group>"; };
		9D9A5EA520ECCE7800099720 /* Base */ = {isa = PBXFileReference; lastKnownFileType = file.storyboard; name = Base; path = Base.lproj/Main.storyboard; sourceTree = "<group>"; };
		9D9A5EA720ECCE7800099720 /* Info.plist */ = {isa = PBXFileReference; lastKnownFileType = text.plist.xml; path = Info.plist; sourceTree = "<group>"; };
		9D9A5EA820ECCE7800099720 /* PortScanner.entitlements */ = {isa = PBXFileReference; lastKnownFileType = text.plist.entitlements; path = PortScanner.entitlements; sourceTree = "<group>"; };
		9D9A5EAE20ECD3CD00099720 /* PortScannerViewController.swift */ = {isa = PBXFileReference; lastKnownFileType = sourcecode.swift; path = PortScannerViewController.swift; sourceTree = "<group>"; };
		9DDD311520FF621B004E083F /* LocalPortScanner.entitlements */ = {isa = PBXFileReference; lastKnownFileType = text.plist.entitlements; path = LocalPortScanner.entitlements; sourceTree = "<group>"; };
		9DEF2A8C20F3EAA200E51CB5 /* PreferenceViewController.swift */ = {isa = PBXFileReference; lastKnownFileType = sourcecode.swift; path = PreferenceViewController.swift; sourceTree = "<group>"; };
		9DF309C420F0C73900F8BD9D /* AboutViewController.swift */ = {isa = PBXFileReference; lastKnownFileType = sourcecode.swift; path = AboutViewController.swift; sourceTree = "<group>"; };
		9DF309C620F0D1C400F8BD9D /* CHANGELOG */ = {isa = PBXFileReference; fileEncoding = 4; lastKnownFileType = text; path = CHANGELOG; sourceTree = "<group>"; };
/* End PBXFileReference section */

/* Begin PBXFrameworksBuildPhase section */
		9D52163520F680F30093887E /* Frameworks */ = {
			isa = PBXFrameworksBuildPhase;
			buildActionMask = 2147483647;
			files = (
			);
			runOnlyForDeploymentPostprocessing = 0;
		};
		9D8EE19920FB626B0009279F /* Frameworks */ = {
			isa = PBXFrameworksBuildPhase;
			buildActionMask = 2147483647;
			files = (
			);
			runOnlyForDeploymentPostprocessing = 0;
		};
		9D9A5E9820ECCE7700099720 /* Frameworks */ = {
			isa = PBXFrameworksBuildPhase;
			buildActionMask = 2147483647;
			files = (
				9D8EE1B120FB63170009279F /* ServiceManagement.framework in Frameworks */,
				9D8EE1AF20FB63090009279F /* Cocoa.framework in Frameworks */,
			);
			runOnlyForDeploymentPostprocessing = 0;
		};
/* End PBXFrameworksBuildPhase section */

/* Begin PBXGroup section */
		9D52163920F680F30093887E /* PrivilegedTaskRunnerHelper */ = {
			isa = PBXGroup;
			children = (
				9D52163A20F680F30093887E /* main.swift */,
				9D52163F20F6814B0093887E /* PrivilegedTaskRunnerHelper-Info.plist */,
				9D52164020F682030093887E /* PrivilegedTaskRunnerHelper-Launchd.plist */,
				9D52164220F683D40093887E /* PrivilegedTaskRunnerHelper.swift */,
				9D52164520F6843D0093887E /* ProcessHelper.swift */,
				9D52164820F6845E0093887E /* RemoteProcessProtocol.swift */,
			);
			path = PrivilegedTaskRunnerHelper;
			sourceTree = "<group>";
		};
		9D8EE19D20FB626B0009279F /* LaunchHelper */ = {
			isa = PBXGroup;
			children = (
				9D8EE19E20FB626B0009279F /* AppDelegate.swift */,
				9D8EE1A220FB626D0009279F /* Assets.xcassets */,
				9D8EE1A420FB626D0009279F /* Main.storyboard */,
				9D8EE1A720FB626D0009279F /* Info.plist */,
				9D8EE1A820FB626D0009279F /* LaunchHelper.entitlements */,
			);
			path = LaunchHelper;
			sourceTree = "<group>";
		};
		9D8EE1AD20FB63080009279F /* Frameworks */ = {
			isa = PBXGroup;
			children = (
				9D8EE1B020FB63160009279F /* ServiceManagement.framework */,
				9D8EE1AE20FB63090009279F /* Cocoa.framework */,
			);
			name = Frameworks;
			sourceTree = "<group>";
		};
		9D9A5E9220ECCE7700099720 = {
			isa = PBXGroup;
			children = (
				9DDD311520FF621B004E083F /* LocalPortScanner.entitlements */,
				9D9A5E9D20ECCE7700099720 /* PortScanner */,
				9D52163920F680F30093887E /* PrivilegedTaskRunnerHelper */,
				9D8EE19D20FB626B0009279F /* LaunchHelper */,
				9D9A5E9C20ECCE7700099720 /* Products */,
				9D8EE1AD20FB63080009279F /* Frameworks */,
			);
			sourceTree = "<group>";
		};
		9D9A5E9C20ECCE7700099720 /* Products */ = {
			isa = PBXGroup;
			children = (
				9D9A5E9B20ECCE7700099720 /* LocalPortScanner.app */,
				9D52163820F680F30093887E /* so.yoko.PrivilegedTaskRunnerHelper */,
				9D8EE19C20FB626B0009279F /* LaunchHelper.app */,
			);
			name = Products;
			sourceTree = "<group>";
		};
		9D9A5E9D20ECCE7700099720 /* PortScanner */ = {
			isa = PBXGroup;
			children = (
				9D9A5E9E20ECCE7700099720 /* AppDelegate.swift */,
				9D9A5EAE20ECD3CD00099720 /* PortScannerViewController.swift */,
				9DF309C420F0C73900F8BD9D /* AboutViewController.swift */,
				9DEF2A8C20F3EAA200E51CB5 /* PreferenceViewController.swift */,
				9D26F61D20EE157A008C10A6 /* YKSLibrary.swift */,
				9D9A5EA020ECCE7700099720 /* ViewController.swift */,
				9D2CC9AE20F8CDDC00B01FF2 /* AppAuthorizationRights.swift */,
				9DF309C620F0D1C400F8BD9D /* CHANGELOG */,
				9D9A5EA220ECCE7800099720 /* Assets.xcassets */,
				9D9A5EA420ECCE7800099720 /* Main.storyboard */,
				9D9A5EA720ECCE7800099720 /* Info.plist */,
				9D9A5EA820ECCE7800099720 /* PortScanner.entitlements */,
			);
			path = PortScanner;
			sourceTree = "<group>";
		};
/* End PBXGroup section */

/* Begin PBXNativeTarget section */
		9D52163720F680F30093887E /* PrivilegedTaskRunnerHelper */ = {
			isa = PBXNativeTarget;
			buildConfigurationList = 9D52163C20F680F30093887E /* Build configuration list for PBXNativeTarget "PrivilegedTaskRunnerHelper" */;
			buildPhases = (
				9D52163420F680F30093887E /* Sources */,
				9D52163520F680F30093887E /* Frameworks */,
				9D52163620F680F30093887E /* CopyFiles */,
			);
			buildRules = (
			);
			dependencies = (
			);
			name = PrivilegedTaskRunnerHelper;
			productName = PrivilegedTaskRunnerHelper;
			productReference = 9D52163820F680F30093887E /* so.yoko.PrivilegedTaskRunnerHelper */;
			productType = "com.apple.product-type.tool";
		};
		9D8EE19B20FB626B0009279F /* LaunchHelper */ = {
			isa = PBXNativeTarget;
			buildConfigurationList = 9D8EE1A920FB626D0009279F /* Build configuration list for PBXNativeTarget "LaunchHelper" */;
			buildPhases = (
				9D8EE19820FB626B0009279F /* Sources */,
				9D8EE19920FB626B0009279F /* Frameworks */,
				9D8EE19A20FB626B0009279F /* Resources */,
			);
			buildRules = (
			);
			dependencies = (
			);
			name = LaunchHelper;
			productName = LaunchHelper;
			productReference = 9D8EE19C20FB626B0009279F /* LaunchHelper.app */;
			productType = "com.apple.product-type.application";
		};
		9D9A5E9A20ECCE7700099720 /* LocalPortScanner */ = {
			isa = PBXNativeTarget;
			buildConfigurationList = 9D9A5EAB20ECCE7800099720 /* Build configuration list for PBXNativeTarget "LocalPortScanner" */;
			buildPhases = (
				9D9A5E9720ECCE7700099720 /* Sources */,
				9D9A5E9820ECCE7700099720 /* Frameworks */,
				9D9A5E9920ECCE7700099720 /* Resources */,
				9D52163220F6802B0093887E /* CopyFiles */,
				9D1B89C020FB52C8007F8E5E /* CopyFiles */,
			);
			buildRules = (
			);
			dependencies = (
			);
			name = LocalPortScanner;
			productName = PortMapper;
			productReference = 9D9A5E9B20ECCE7700099720 /* LocalPortScanner.app */;
			productType = "com.apple.product-type.application";
		};
/* End PBXNativeTarget section */

/* Begin PBXProject section */
		9D9A5E9320ECCE7700099720 /* Project object */ = {
			isa = PBXProject;
			attributes = {
				LastSwiftUpdateCheck = 0940;
				LastUpgradeCheck = 0940;
				ORGANIZATIONNAME = "Chanwoo Noh";
				TargetAttributes = {
					9D52163720F680F30093887E = {
						CreatedOnToolsVersion = 9.4.1;
					};
					9D8EE19B20FB626B0009279F = {
						CreatedOnToolsVersion = 9.4.1;
						SystemCapabilities = {
							com.apple.ApplicationGroups.Mac = {
								enabled = 0;
							};
							com.apple.Sandbox = {
								enabled = 1;
							};
						};
					};
					9D9A5E9A20ECCE7700099720 = {
						CreatedOnToolsVersion = 9.4.1;
						LastSwiftMigration = 0940;
						SystemCapabilities = {
							com.apple.ApplicationGroups.Mac = {
								enabled = 0;
							};
							com.apple.NetworkExtensions = {
								enabled = 0;
							};
							com.apple.Sandbox = {
								enabled = 0;
							};
						};
					};
				};
			};
			buildConfigurationList = 9D9A5E9620ECCE7700099720 /* Build configuration list for PBXProject "LocalPortScanner" */;
			compatibilityVersion = "Xcode 9.3";
			developmentRegion = en;
			hasScannedForEncodings = 0;
			knownRegions = (
				en,
				Base,
			);
			mainGroup = 9D9A5E9220ECCE7700099720;
			productRefGroup = 9D9A5E9C20ECCE7700099720 /* Products */;
			projectDirPath = "";
			projectRoot = "";
			targets = (
				9D9A5E9A20ECCE7700099720 /* LocalPortScanner */,
				9D52163720F680F30093887E /* PrivilegedTaskRunnerHelper */,
				9D8EE19B20FB626B0009279F /* LaunchHelper */,
			);
		};
/* End PBXProject section */

/* Begin PBXResourcesBuildPhase section */
		9D8EE19A20FB626B0009279F /* Resources */ = {
			isa = PBXResourcesBuildPhase;
			buildActionMask = 2147483647;
			files = (
				9D8EE1A320FB626D0009279F /* Assets.xcassets in Resources */,
				9D8EE1A620FB626D0009279F /* Main.storyboard in Resources */,
			);
			runOnlyForDeploymentPostprocessing = 0;
		};
		9D9A5E9920ECCE7700099720 /* Resources */ = {
			isa = PBXResourcesBuildPhase;
			buildActionMask = 2147483647;
			files = (
				9D9A5EA320ECCE7800099720 /* Assets.xcassets in Resources */,
				9D9A5EA620ECCE7800099720 /* Main.storyboard in Resources */,
				9DF309C720F0D1C400F8BD9D /* CHANGELOG in Resources */,
			);
			runOnlyForDeploymentPostprocessing = 0;
		};
/* End PBXResourcesBuildPhase section */

/* Begin PBXSourcesBuildPhase section */
		9D52163420F680F30093887E /* Sources */ = {
			isa = PBXSourcesBuildPhase;
			buildActionMask = 2147483647;
			files = (
				9D52164320F683D40093887E /* PrivilegedTaskRunnerHelper.swift in Sources */,
				9D52164720F6843D0093887E /* ProcessHelper.swift in Sources */,
				9D52163B20F680F30093887E /* main.swift in Sources */,
				9D52164A20F6845E0093887E /* RemoteProcessProtocol.swift in Sources */,
			);
			runOnlyForDeploymentPostprocessing = 0;
		};
		9D8EE19820FB626B0009279F /* Sources */ = {
			isa = PBXSourcesBuildPhase;
			buildActionMask = 2147483647;
			files = (
				9D8EE19F20FB626B0009279F /* AppDelegate.swift in Sources */,
			);
			runOnlyForDeploymentPostprocessing = 0;
		};
		9D9A5E9720ECCE7700099720 /* Sources */ = {
			isa = PBXSourcesBuildPhase;
			buildActionMask = 2147483647;
			files = (
				9DEF2A8D20F3EAA200E51CB5 /* PreferenceViewController.swift in Sources */,
				9D52164620F6843D0093887E /* ProcessHelper.swift in Sources */,
				9D9A5EA120ECCE7700099720 /* ViewController.swift in Sources */,
				9D9A5EAF20ECD3CD00099720 /* PortScannerViewController.swift in Sources */,
				9D2CC9AF20F8CDDC00B01FF2 /* AppAuthorizationRights.swift in Sources */,
				9D26F61E20EE157A008C10A6 /* YKSLibrary.swift in Sources */,
				9D52164920F6845E0093887E /* RemoteProcessProtocol.swift in Sources */,
				9D9A5E9F20ECCE7700099720 /* AppDelegate.swift in Sources */,
				9DF309C520F0C73900F8BD9D /* AboutViewController.swift in Sources */,
				9D52164420F684060093887E /* PrivilegedTaskRunnerHelper.swift in Sources */,
			);
			runOnlyForDeploymentPostprocessing = 0;
		};
/* End PBXSourcesBuildPhase section */

/* Begin PBXVariantGroup section */
		9D8EE1A420FB626D0009279F /* Main.storyboard */ = {
			isa = PBXVariantGroup;
			children = (
				9D8EE1A520FB626D0009279F /* Base */,
			);
			name = Main.storyboard;
			sourceTree = "<group>";
		};
		9D9A5EA420ECCE7800099720 /* Main.storyboard */ = {
			isa = PBXVariantGroup;
			children = (
				9D9A5EA520ECCE7800099720 /* Base */,
			);
			name = Main.storyboard;
			sourceTree = "<group>";
		};
/* End PBXVariantGroup section */

/* Begin XCBuildConfiguration section */
		9D52163D20F680F30093887E /* Debug */ = {
			isa = XCBuildConfiguration;
			buildSettings = {
				CODE_SIGN_IDENTITY = "Developer ID Application";
				CODE_SIGN_STYLE = Manual;
				DEVELOPMENT_TEAM = 8B5JVCS72K;
				INFOPLIST_FILE = "$(SRCROOT)/PrivilegedTaskRunnerHelper/PrivilegedTaskRunnerHelper-Info.plist";
				INSTALL_PATH = "$(LOCAL_APPS_DIR)";
				MACOSX_DEPLOYMENT_TARGET = 10.13;
				OTHER_LDFLAGS = (
					"-sectcreate",
					__TEXT,
					__info_plist,
					"\"$(SRCROOT)/PrivilegedTaskRunnerHelper/PrivilegedTaskRunnerHelper-Info.plist\"",
					"-sectcreate",
					__TEXT,
					__launchd_plist,
					"\"$(SRCROOT)/PrivilegedTaskRunnerHelper/PrivilegedTaskRunnerHelper-Launchd.plist\"",
				);
				PRODUCT_BUNDLE_IDENTIFIER = so.yoko.PrivilegedTaskRunnerHelper;
				PRODUCT_NAME = so.yoko.PrivilegedTaskRunnerHelper;
				PROVISIONING_PROFILE_SPECIFIER = "";
				SKIP_INSTALL = YES;
				SWIFT_VERSION = 4.0;
			};
			name = Debug;
		};
		9D52163E20F680F30093887E /* Release */ = {
			isa = XCBuildConfiguration;
			buildSettings = {
				CODE_SIGN_IDENTITY = "Developer ID Application";
				CODE_SIGN_STYLE = Manual;
				DEVELOPMENT_TEAM = 8B5JVCS72K;
				INFOPLIST_FILE = "$(SRCROOT)/PrivilegedTaskRunnerHelper/PrivilegedTaskRunnerHelper-Info.plist";
				INSTALL_PATH = "$(LOCAL_APPS_DIR)";
				MACOSX_DEPLOYMENT_TARGET = 10.13;
				OTHER_LDFLAGS = (
					"-sectcreate",
					__TEXT,
					__info_plist,
					"\"$(SRCROOT)/PrivilegedTaskRunnerHelper/PrivilegedTaskRunnerHelper-Info.plist\"",
					"-sectcreate",
					__TEXT,
					__launchd_plist,
					"\"$(SRCROOT)/PrivilegedTaskRunnerHelper/PrivilegedTaskRunnerHelper-Launchd.plist\"",
				);
				PRODUCT_BUNDLE_IDENTIFIER = so.yoko.PrivilegedTaskRunnerHelper;
				PRODUCT_NAME = so.yoko.PrivilegedTaskRunnerHelper;
				PROVISIONING_PROFILE_SPECIFIER = "";
				SKIP_INSTALL = YES;
				SWIFT_VERSION = 4.0;
			};
			name = Release;
		};
		9D8EE1AA20FB626D0009279F /* Debug */ = {
			isa = XCBuildConfiguration;
			buildSettings = {
				ASSETCATALOG_COMPILER_APPICON_NAME = AppIcon;
				CODE_SIGN_ENTITLEMENTS = LaunchHelper/LaunchHelper.entitlements;
				CODE_SIGN_IDENTITY = "Developer ID Application";
				CODE_SIGN_STYLE = Manual;
				COMBINE_HIDPI_IMAGES = YES;
				DEVELOPMENT_TEAM = 8B5JVCS72K;
				INFOPLIST_FILE = LaunchHelper/Info.plist;
				LD_RUNPATH_SEARCH_PATHS = (
					"$(inherited)",
					"@executable_path/../Frameworks",
				);
				MACOSX_DEPLOYMENT_TARGET = 10.13;
				PRODUCT_BUNDLE_IDENTIFIER = so.yoko.portscanner.LaunchHelper;
				PRODUCT_NAME = "$(TARGET_NAME)";
				PROVISIONING_PROFILE_SPECIFIER = "";
				SKIP_INSTALL = YES;
				SWIFT_VERSION = 4.0;
			};
			name = Debug;
		};
		9D8EE1AB20FB626D0009279F /* Release */ = {
			isa = XCBuildConfiguration;
			buildSettings = {
				ASSETCATALOG_COMPILER_APPICON_NAME = AppIcon;
				CODE_SIGN_ENTITLEMENTS = LaunchHelper/LaunchHelper.entitlements;
				CODE_SIGN_IDENTITY = "Developer ID Application";
				CODE_SIGN_STYLE = Manual;
				COMBINE_HIDPI_IMAGES = YES;
				DEVELOPMENT_TEAM = 8B5JVCS72K;
				INFOPLIST_FILE = LaunchHelper/Info.plist;
				LD_RUNPATH_SEARCH_PATHS = (
					"$(inherited)",
					"@executable_path/../Frameworks",
				);
				MACOSX_DEPLOYMENT_TARGET = 10.13;
				PRODUCT_BUNDLE_IDENTIFIER = so.yoko.portscanner.LaunchHelper;
				PRODUCT_NAME = "$(TARGET_NAME)";
				PROVISIONING_PROFILE_SPECIFIER = "";
				SKIP_INSTALL = YES;
				SWIFT_VERSION = 4.0;
			};
			name = Release;
		};
		9D9A5EA920ECCE7800099720 /* Debug */ = {
			isa = XCBuildConfiguration;
			buildSettings = {
				ALWAYS_SEARCH_USER_PATHS = NO;
				CLANG_ANALYZER_NONNULL = YES;
				CLANG_ANALYZER_NUMBER_OBJECT_CONVERSION = YES_AGGRESSIVE;
				CLANG_CXX_LANGUAGE_STANDARD = "gnu++14";
				CLANG_CXX_LIBRARY = "libc++";
				CLANG_ENABLE_MODULES = YES;
				CLANG_ENABLE_OBJC_ARC = YES;
				CLANG_ENABLE_OBJC_WEAK = YES;
				CLANG_WARN_BLOCK_CAPTURE_AUTORELEASING = YES;
				CLANG_WARN_BOOL_CONVERSION = YES;
				CLANG_WARN_COMMA = YES;
				CLANG_WARN_CONSTANT_CONVERSION = YES;
				CLANG_WARN_DEPRECATED_OBJC_IMPLEMENTATIONS = YES;
				CLANG_WARN_DIRECT_OBJC_ISA_USAGE = YES_ERROR;
				CLANG_WARN_DOCUMENTATION_COMMENTS = YES;
				CLANG_WARN_EMPTY_BODY = YES;
				CLANG_WARN_ENUM_CONVERSION = YES;
				CLANG_WARN_INFINITE_RECURSION = YES;
				CLANG_WARN_INT_CONVERSION = YES;
				CLANG_WARN_NON_LITERAL_NULL_CONVERSION = YES;
				CLANG_WARN_OBJC_IMPLICIT_RETAIN_SELF = YES;
				CLANG_WARN_OBJC_LITERAL_CONVERSION = YES;
				CLANG_WARN_OBJC_ROOT_CLASS = YES_ERROR;
				CLANG_WARN_RANGE_LOOP_ANALYSIS = YES;
				CLANG_WARN_STRICT_PROTOTYPES = YES;
				CLANG_WARN_SUSPICIOUS_MOVE = YES;
				CLANG_WARN_UNGUARDED_AVAILABILITY = YES_AGGRESSIVE;
				CLANG_WARN_UNREACHABLE_CODE = YES;
				CLANG_WARN__DUPLICATE_METHOD_MATCH = YES;
				CODE_SIGN_IDENTITY = "Mac Developer";
				COPY_PHASE_STRIP = NO;
				DEBUG_INFORMATION_FORMAT = dwarf;
				ENABLE_STRICT_OBJC_MSGSEND = YES;
				ENABLE_TESTABILITY = YES;
				GCC_C_LANGUAGE_STANDARD = gnu11;
				GCC_DYNAMIC_NO_PIC = NO;
				GCC_NO_COMMON_BLOCKS = YES;
				GCC_OPTIMIZATION_LEVEL = 0;
				GCC_PREPROCESSOR_DEFINITIONS = (
					"DEBUG=1",
					"$(inherited)",
				);
				GCC_WARN_64_TO_32_BIT_CONVERSION = YES;
				GCC_WARN_ABOUT_RETURN_TYPE = YES_ERROR;
				GCC_WARN_UNDECLARED_SELECTOR = YES;
				GCC_WARN_UNINITIALIZED_AUTOS = YES_AGGRESSIVE;
				GCC_WARN_UNUSED_FUNCTION = YES;
				GCC_WARN_UNUSED_VARIABLE = YES;
				MACOSX_DEPLOYMENT_TARGET = 10.10;
				MTL_ENABLE_DEBUG_INFO = YES;
				ONLY_ACTIVE_ARCH = YES;
				SDKROOT = macosx;
				SWIFT_ACTIVE_COMPILATION_CONDITIONS = DEBUG;
				SWIFT_OPTIMIZATION_LEVEL = "-Onone";
			};
			name = Debug;
		};
		9D9A5EAA20ECCE7800099720 /* Release */ = {
			isa = XCBuildConfiguration;
			buildSettings = {
				ALWAYS_SEARCH_USER_PATHS = NO;
				CLANG_ANALYZER_NONNULL = YES;
				CLANG_ANALYZER_NUMBER_OBJECT_CONVERSION = YES_AGGRESSIVE;
				CLANG_CXX_LANGUAGE_STANDARD = "gnu++14";
				CLANG_CXX_LIBRARY = "libc++";
				CLANG_ENABLE_MODULES = YES;
				CLANG_ENABLE_OBJC_ARC = YES;
				CLANG_ENABLE_OBJC_WEAK = YES;
				CLANG_WARN_BLOCK_CAPTURE_AUTORELEASING = YES;
				CLANG_WARN_BOOL_CONVERSION = YES;
				CLANG_WARN_COMMA = YES;
				CLANG_WARN_CONSTANT_CONVERSION = YES;
				CLANG_WARN_DEPRECATED_OBJC_IMPLEMENTATIONS = YES;
				CLANG_WARN_DIRECT_OBJC_ISA_USAGE = YES_ERROR;
				CLANG_WARN_DOCUMENTATION_COMMENTS = YES;
				CLANG_WARN_EMPTY_BODY = YES;
				CLANG_WARN_ENUM_CONVERSION = YES;
				CLANG_WARN_INFINITE_RECURSION = YES;
				CLANG_WARN_INT_CONVERSION = YES;
				CLANG_WARN_NON_LITERAL_NULL_CONVERSION = YES;
				CLANG_WARN_OBJC_IMPLICIT_RETAIN_SELF = YES;
				CLANG_WARN_OBJC_LITERAL_CONVERSION = YES;
				CLANG_WARN_OBJC_ROOT_CLASS = YES_ERROR;
				CLANG_WARN_RANGE_LOOP_ANALYSIS = YES;
				CLANG_WARN_STRICT_PROTOTYPES = YES;
				CLANG_WARN_SUSPICIOUS_MOVE = YES;
				CLANG_WARN_UNGUARDED_AVAILABILITY = YES_AGGRESSIVE;
				CLANG_WARN_UNREACHABLE_CODE = YES;
				CLANG_WARN__DUPLICATE_METHOD_MATCH = YES;
				CODE_SIGN_IDENTITY = "Mac Developer";
				COPY_PHASE_STRIP = NO;
				DEBUG_INFORMATION_FORMAT = "dwarf-with-dsym";
				ENABLE_NS_ASSERTIONS = NO;
				ENABLE_STRICT_OBJC_MSGSEND = YES;
				GCC_C_LANGUAGE_STANDARD = gnu11;
				GCC_NO_COMMON_BLOCKS = YES;
				GCC_WARN_64_TO_32_BIT_CONVERSION = YES;
				GCC_WARN_ABOUT_RETURN_TYPE = YES_ERROR;
				GCC_WARN_UNDECLARED_SELECTOR = YES;
				GCC_WARN_UNINITIALIZED_AUTOS = YES_AGGRESSIVE;
				GCC_WARN_UNUSED_FUNCTION = YES;
				GCC_WARN_UNUSED_VARIABLE = YES;
				MACOSX_DEPLOYMENT_TARGET = 10.10;
				MTL_ENABLE_DEBUG_INFO = NO;
				SDKROOT = macosx;
				SWIFT_COMPILATION_MODE = wholemodule;
				SWIFT_OPTIMIZATION_LEVEL = "-O";
			};
			name = Release;
		};
		9D9A5EAC20ECCE7800099720 /* Debug */ = {
			isa = XCBuildConfiguration;
			buildSettings = {
				ASSETCATALOG_COMPILER_APPICON_NAME = AppIcon;
				CLANG_CXX_LANGUAGE_STANDARD = "gnu++14";
				CLANG_ENABLE_MODULES = YES;
				CODE_SIGN_ENTITLEMENTS = LocalPortScanner.entitlements;
				CODE_SIGN_IDENTITY = "Developer ID Application";
				CODE_SIGN_STYLE = Manual;
				COMBINE_HIDPI_IMAGES = YES;
				DEVELOPMENT_TEAM = 8B5JVCS72K;
				INFOPLIST_FILE = "$(SRCROOT)/PortScanner/Info.plist";
				LD_RUNPATH_SEARCH_PATHS = (
					"$(inherited)",
					"@executable_path/../Frameworks",
				);
				MACOSX_DEPLOYMENT_TARGET = 10.13;
				PRODUCT_BUNDLE_IDENTIFIER = so.yoko.portscanner;
				PRODUCT_NAME = "$(TARGET_NAME)";
				PROVISIONING_PROFILE = "9d67da58-2021-4579-9b8e-e2727aca1e85";
				PROVISIONING_PROFILE_SPECIFIER = PortScannerDeveloperIDSign;
				SKIP_INSTALL = NO;
				SWIFT_OBJC_BRIDGING_HEADER = "";
				SWIFT_OPTIMIZATION_LEVEL = "-Onone";
				SWIFT_VERSION = 4.0;
			};
			name = Debug;
		};
		9D9A5EAD20ECCE7800099720 /* Release */ = {
			isa = XCBuildConfiguration;
			buildSettings = {
				ASSETCATALOG_COMPILER_APPICON_NAME = AppIcon;
				CLANG_CXX_LANGUAGE_STANDARD = "gnu++14";
				CLANG_ENABLE_MODULES = YES;
				CODE_SIGN_ENTITLEMENTS = LocalPortScanner.entitlements;
				CODE_SIGN_IDENTITY = "Developer ID Application";
				CODE_SIGN_STYLE = Manual;
				COMBINE_HIDPI_IMAGES = YES;
				DEVELOPMENT_TEAM = 8B5JVCS72K;
				INFOPLIST_FILE = "$(SRCROOT)/PortScanner/Info.plist";
				LD_RUNPATH_SEARCH_PATHS = (
					"$(inherited)",
					"@executable_path/../Frameworks",
				);
				MACOSX_DEPLOYMENT_TARGET = 10.13;
				PRODUCT_BUNDLE_IDENTIFIER = so.yoko.portscanner;
				PRODUCT_NAME = "$(TARGET_NAME)";
				PROVISIONING_PROFILE = "9d67da58-2021-4579-9b8e-e2727aca1e85";
				PROVISIONING_PROFILE_SPECIFIER = PortScannerDeveloperIDSign;
				SKIP_INSTALL = NO;
				SWIFT_OBJC_BRIDGING_HEADER = "";
				SWIFT_VERSION = 4.0;
			};
			name = Release;
		};
/* End XCBuildConfiguration section */

/* Begin XCConfigurationList section */
		9D52163C20F680F30093887E /* Build configuration list for PBXNativeTarget "PrivilegedTaskRunnerHelper" */ = {
			isa = XCConfigurationList;
			buildConfigurations = (
				9D52163D20F680F30093887E /* Debug */,
				9D52163E20F680F30093887E /* Release */,
			);
			defaultConfigurationIsVisible = 0;
			defaultConfigurationName = Release;
		};
		9D8EE1A920FB626D0009279F /* Build configuration list for PBXNativeTarget "LaunchHelper" */ = {
			isa = XCConfigurationList;
			buildConfigurations = (
				9D8EE1AA20FB626D0009279F /* Debug */,
				9D8EE1AB20FB626D0009279F /* Release */,
			);
			defaultConfigurationIsVisible = 0;
			defaultConfigurationName = Release;
		};
		9D9A5E9620ECCE7700099720 /* Build configuration list for PBXProject "LocalPortScanner" */ = {
			isa = XCConfigurationList;
			buildConfigurations = (
				9D9A5EA920ECCE7800099720 /* Debug */,
				9D9A5EAA20ECCE7800099720 /* Release */,
			);
			defaultConfigurationIsVisible = 0;
			defaultConfigurationName = Release;
		};
		9D9A5EAB20ECCE7800099720 /* Build configuration list for PBXNativeTarget "LocalPortScanner" */ = {
			isa = XCConfigurationList;
			buildConfigurations = (
				9D9A5EAC20ECCE7800099720 /* Debug */,
				9D9A5EAD20ECCE7800099720 /* Release */,
			);
			defaultConfigurationIsVisible = 0;
			defaultConfigurationName = Release;
		};
/* End XCConfigurationList section */
	};
	rootObject = 9D9A5E9320ECCE7700099720 /* Project object */;
}
